// !$*UTF8*$!
{
	archiveVersion = 1;
	classes = {
	};
	objectVersion = 55;
	objects = {

/* Begin PBXBuildFile section */
		0DD0EF32807DCAD0A1620E3D /* Pods_CapstoneProject.framework in Frameworks */ = {isa = PBXBuildFile; fileRef = C76E1444D957C3582942E6D2 /* Pods_CapstoneProject.framework */; };
		76A39FE0FECDB0E40A1CB644 /* Pods_CapstoneProjectTests.framework in Frameworks */ = {isa = PBXBuildFile; fileRef = 646B9531342764967FC8DCA9 /* Pods_CapstoneProjectTests.framework */; };
		BE05CF302880C97D00899BE9 /* TabBarViewController.m in Sources */ = {isa = PBXBuildFile; fileRef = BE05CF2F2880C97D00899BE9 /* TabBarViewController.m */; };
		BE05CF3328820E1500899BE9 /* SelectCourseViewController.m in Sources */ = {isa = PBXBuildFile; fileRef = BE05CF3228820E1500899BE9 /* SelectCourseViewController.m */; };
		BE05CF3628820F4400899BE9 /* CourseCell.m in Sources */ = {isa = PBXBuildFile; fileRef = BE05CF3528820F4400899BE9 /* CourseCell.m */; };
		BE166FDC2891F8010062D0CF /* CacheExtention.m in Sources */ = {isa = PBXBuildFile; fileRef = BE166FDB2891F8010062D0CF /* CacheExtention.m */; };
		BE166FDF2891F9270062D0CF /* CommentCell.m in Sources */ = {isa = PBXBuildFile; fileRef = BE166FDE2891F9270062D0CF /* CommentCell.m */; };
		BE166FE22891FA2A0062D0CF /* Comment.m in Sources */ = {isa = PBXBuildFile; fileRef = BE166FE12891FA2A0062D0CF /* Comment.m */; };
		BE1762E3287BDE0300B7DD03 /* ComposeViewController.m in Sources */ = {isa = PBXBuildFile; fileRef = BE1762E2287BDE0300B7DD03 /* ComposeViewController.m */; };
		BE53E1272888AD3000744F3A /* PostDetailsViewController.m in Sources */ = {isa = PBXBuildFile; fileRef = BE53E1262888AD3000744F3A /* PostDetailsViewController.m */; };
		BE53E12A2888AD6C00744F3A /* AnsweringViewController.m in Sources */ = {isa = PBXBuildFile; fileRef = BE53E1292888AD6C00744F3A /* AnsweringViewController.m */; };
		BE8277D7287C8DDD0059B509 /* PostCell.m in Sources */ = {isa = PBXBuildFile; fileRef = BE8277D6287C8DDD0059B509 /* PostCell.m */; };
		BE8277DB287C91230059B509 /* Post.m in Sources */ = {isa = PBXBuildFile; fileRef = BE8277DA287C91230059B509 /* Post.m */; };
		BEA4666B28781C1F00D57C23 /* FBLoginViewController.m in Sources */ = {isa = PBXBuildFile; fileRef = BEA4666A28781C1F00D57C23 /* FBLoginViewController.m */; };
		BEA4666E2878CF2500D57C23 /* QuestionFeedViewController.m in Sources */ = {isa = PBXBuildFile; fileRef = BEA4666D2878CF2500D57C23 /* QuestionFeedViewController.m */; };
		BEB9214A2884FC33004FA147 /* GameViewController.m in Sources */ = {isa = PBXBuildFile; fileRef = BEB921492884FC33004FA147 /* GameViewController.m */; };
		BEB9215028850864004FA147 /* ParticleScene.sks in Resources */ = {isa = PBXBuildFile; fileRef = BEB9214F28850864004FA147 /* ParticleScene.sks */; };
		BEB921562885089D004FA147 /* ParticleScene.m in Sources */ = {isa = PBXBuildFile; fileRef = BEB921552885089D004FA147 /* ParticleScene.m */; };
		BEDF114F2874FA0A00B080A4 /* AppDelegate.m in Sources */ = {isa = PBXBuildFile; fileRef = BEDF114E2874FA0A00B080A4 /* AppDelegate.m */; };
		BEDF11522874FA0A00B080A4 /* SceneDelegate.m in Sources */ = {isa = PBXBuildFile; fileRef = BEDF11512874FA0A00B080A4 /* SceneDelegate.m */; };
		BEDF11582874FA0A00B080A4 /* Main.storyboard in Resources */ = {isa = PBXBuildFile; fileRef = BEDF11562874FA0A00B080A4 /* Main.storyboard */; };
		BEDF115A2874FA0A00B080A4 /* Assets.xcassets in Resources */ = {isa = PBXBuildFile; fileRef = BEDF11592874FA0A00B080A4 /* Assets.xcassets */; };
		BEDF115D2874FA0A00B080A4 /* LaunchScreen.storyboard in Resources */ = {isa = PBXBuildFile; fileRef = BEDF115B2874FA0A00B080A4 /* LaunchScreen.storyboard */; };
		BEDF11602874FA0A00B080A4 /* main.m in Sources */ = {isa = PBXBuildFile; fileRef = BEDF115F2874FA0A00B080A4 /* main.m */; };
		BEDF116A2874FA0B00B080A4 /* CapstoneProjectTests.m in Sources */ = {isa = PBXBuildFile; fileRef = BEDF11692874FA0B00B080A4 /* CapstoneProjectTests.m */; };
		BEDF11742874FA0B00B080A4 /* CapstoneProjectUITests.m in Sources */ = {isa = PBXBuildFile; fileRef = BEDF11732874FA0B00B080A4 /* CapstoneProjectUITests.m */; };
		BEDF11762874FA0B00B080A4 /* CapstoneProjectUITestsLaunchTests.m in Sources */ = {isa = PBXBuildFile; fileRef = BEDF11752874FA0B00B080A4 /* CapstoneProjectUITestsLaunchTests.m */; };
		E5D724672053C346233AB583 /* Pods_CapstoneProject_CapstoneProjectUITests.framework in Frameworks */ = {isa = PBXBuildFile; fileRef = 60C8BB42D443404A01EF19AE /* Pods_CapstoneProject_CapstoneProjectUITests.framework */; };
/* End PBXBuildFile section */

/* Begin PBXContainerItemProxy section */
		BEDF11662874FA0B00B080A4 /* PBXContainerItemProxy */ = {
			isa = PBXContainerItemProxy;
			containerPortal = BEDF11422874FA0A00B080A4 /* Project object */;
			proxyType = 1;
			remoteGlobalIDString = BEDF11492874FA0A00B080A4;
			remoteInfo = CapstoneProject;
		};
		BEDF11702874FA0B00B080A4 /* PBXContainerItemProxy */ = {
			isa = PBXContainerItemProxy;
			containerPortal = BEDF11422874FA0A00B080A4 /* Project object */;
			proxyType = 1;
			remoteGlobalIDString = BEDF11492874FA0A00B080A4;
			remoteInfo = CapstoneProject;
		};
/* End PBXContainerItemProxy section */

/* Begin PBXFileReference section */
		2542B5FFEF9120348C6152D5 /* Pods-CapstoneProject.debug.xcconfig */ = {isa = PBXFileReference; includeInIndex = 1; lastKnownFileType = text.xcconfig; name = "Pods-CapstoneProject.debug.xcconfig"; path = "Target Support Files/Pods-CapstoneProject/Pods-CapstoneProject.debug.xcconfig"; sourceTree = "<group>"; };
		60C8BB42D443404A01EF19AE /* Pods_CapstoneProject_CapstoneProjectUITests.framework */ = {isa = PBXFileReference; explicitFileType = wrapper.framework; includeInIndex = 0; path = Pods_CapstoneProject_CapstoneProjectUITests.framework; sourceTree = BUILT_PRODUCTS_DIR; };
		613F07BED52BC5BB07C0AB1D /* Pods-CapstoneProject.release.xcconfig */ = {isa = PBXFileReference; includeInIndex = 1; lastKnownFileType = text.xcconfig; name = "Pods-CapstoneProject.release.xcconfig"; path = "Target Support Files/Pods-CapstoneProject/Pods-CapstoneProject.release.xcconfig"; sourceTree = "<group>"; };
		646B9531342764967FC8DCA9 /* Pods_CapstoneProjectTests.framework */ = {isa = PBXFileReference; explicitFileType = wrapper.framework; includeInIndex = 0; path = Pods_CapstoneProjectTests.framework; sourceTree = BUILT_PRODUCTS_DIR; };
		82FAADA8062714733CF4DD2B /* Pods-CapstoneProject-CapstoneProjectUITests.debug.xcconfig */ = {isa = PBXFileReference; includeInIndex = 1; lastKnownFileType = text.xcconfig; name = "Pods-CapstoneProject-CapstoneProjectUITests.debug.xcconfig"; path = "Target Support Files/Pods-CapstoneProject-CapstoneProjectUITests/Pods-CapstoneProject-CapstoneProjectUITests.debug.xcconfig"; sourceTree = "<group>"; };
		853EA4DD722796AA0D889F4D /* Pods-CapstoneProjectTests.debug.xcconfig */ = {isa = PBXFileReference; includeInIndex = 1; lastKnownFileType = text.xcconfig; name = "Pods-CapstoneProjectTests.debug.xcconfig"; path = "Target Support Files/Pods-CapstoneProjectTests/Pods-CapstoneProjectTests.debug.xcconfig"; sourceTree = "<group>"; };
		BE05CF2E2880C97D00899BE9 /* TabBarViewController.h */ = {isa = PBXFileReference; lastKnownFileType = sourcecode.c.h; path = TabBarViewController.h; sourceTree = "<group>"; };
		BE05CF2F2880C97D00899BE9 /* TabBarViewController.m */ = {isa = PBXFileReference; lastKnownFileType = sourcecode.c.objc; path = TabBarViewController.m; sourceTree = "<group>"; };
		BE05CF3128820E1500899BE9 /* SelectCourseViewController.h */ = {isa = PBXFileReference; lastKnownFileType = sourcecode.c.h; path = SelectCourseViewController.h; sourceTree = "<group>"; };
		BE05CF3228820E1500899BE9 /* SelectCourseViewController.m */ = {isa = PBXFileReference; lastKnownFileType = sourcecode.c.objc; path = SelectCourseViewController.m; sourceTree = "<group>"; };
		BE05CF3428820F4400899BE9 /* CourseCell.h */ = {isa = PBXFileReference; lastKnownFileType = sourcecode.c.h; path = CourseCell.h; sourceTree = "<group>"; };
		BE05CF3528820F4400899BE9 /* CourseCell.m */ = {isa = PBXFileReference; lastKnownFileType = sourcecode.c.objc; path = CourseCell.m; sourceTree = "<group>"; };
		BE166FDA2891F8010062D0CF /* CacheExtention.h */ = {isa = PBXFileReference; lastKnownFileType = sourcecode.c.h; path = CacheExtention.h; sourceTree = "<group>"; };
		BE166FDB2891F8010062D0CF /* CacheExtention.m */ = {isa = PBXFileReference; lastKnownFileType = sourcecode.c.objc; path = CacheExtention.m; sourceTree = "<group>"; };
		BE166FDD2891F9270062D0CF /* CommentCell.h */ = {isa = PBXFileReference; lastKnownFileType = sourcecode.c.h; path = CommentCell.h; sourceTree = "<group>"; };
		BE166FDE2891F9270062D0CF /* CommentCell.m */ = {isa = PBXFileReference; lastKnownFileType = sourcecode.c.objc; path = CommentCell.m; sourceTree = "<group>"; };
		BE166FE02891FA2A0062D0CF /* Comment.h */ = {isa = PBXFileReference; lastKnownFileType = sourcecode.c.h; path = Comment.h; sourceTree = "<group>"; };
		BE166FE12891FA2A0062D0CF /* Comment.m */ = {isa = PBXFileReference; lastKnownFileType = sourcecode.c.objc; path = Comment.m; sourceTree = "<group>"; };
		BE1762E1287BDE0300B7DD03 /* ComposeViewController.h */ = {isa = PBXFileReference; lastKnownFileType = sourcecode.c.h; path = ComposeViewController.h; sourceTree = "<group>"; };
		BE1762E2287BDE0300B7DD03 /* ComposeViewController.m */ = {isa = PBXFileReference; lastKnownFileType = sourcecode.c.objc; path = ComposeViewController.m; sourceTree = "<group>"; };
		BE53E1252888AD3000744F3A /* PostDetailsViewController.h */ = {isa = PBXFileReference; lastKnownFileType = sourcecode.c.h; path = PostDetailsViewController.h; sourceTree = "<group>"; };
		BE53E1262888AD3000744F3A /* PostDetailsViewController.m */ = {isa = PBXFileReference; lastKnownFileType = sourcecode.c.objc; path = PostDetailsViewController.m; sourceTree = "<group>"; };
		BE53E1282888AD6C00744F3A /* AnsweringViewController.h */ = {isa = PBXFileReference; lastKnownFileType = sourcecode.c.h; path = AnsweringViewController.h; sourceTree = "<group>"; };
		BE53E1292888AD6C00744F3A /* AnsweringViewController.m */ = {isa = PBXFileReference; lastKnownFileType = sourcecode.c.objc; path = AnsweringViewController.m; sourceTree = "<group>"; };
		BE8277D5287C8DDD0059B509 /* PostCell.h */ = {isa = PBXFileReference; lastKnownFileType = sourcecode.c.h; path = PostCell.h; sourceTree = "<group>"; };
		BE8277D6287C8DDD0059B509 /* PostCell.m */ = {isa = PBXFileReference; lastKnownFileType = sourcecode.c.objc; path = PostCell.m; sourceTree = "<group>"; };
		BE8277D9287C91230059B509 /* Post.h */ = {isa = PBXFileReference; lastKnownFileType = sourcecode.c.h; path = Post.h; sourceTree = "<group>"; };
		BE8277DA287C91230059B509 /* Post.m */ = {isa = PBXFileReference; lastKnownFileType = sourcecode.c.objc; path = Post.m; sourceTree = "<group>"; };
		BEA4666728781ADB00D57C23 /* CapstoneProject.entitlements */ = {isa = PBXFileReference; lastKnownFileType = text.plist.entitlements; path = CapstoneProject.entitlements; sourceTree = "<group>"; };
		BEA4666928781C1F00D57C23 /* FBLoginViewController.h */ = {isa = PBXFileReference; lastKnownFileType = sourcecode.c.h; path = FBLoginViewController.h; sourceTree = "<group>"; };
		BEA4666A28781C1F00D57C23 /* FBLoginViewController.m */ = {isa = PBXFileReference; lastKnownFileType = sourcecode.c.objc; path = FBLoginViewController.m; sourceTree = "<group>"; };
		BEA4666C2878CF2500D57C23 /* QuestionFeedViewController.h */ = {isa = PBXFileReference; lastKnownFileType = sourcecode.c.h; path = QuestionFeedViewController.h; sourceTree = "<group>"; };
		BEA4666D2878CF2500D57C23 /* QuestionFeedViewController.m */ = {isa = PBXFileReference; lastKnownFileType = sourcecode.c.objc; path = QuestionFeedViewController.m; sourceTree = "<group>"; };
		BEB921482884FC33004FA147 /* GameViewController.h */ = {isa = PBXFileReference; lastKnownFileType = sourcecode.c.h; path = GameViewController.h; sourceTree = "<group>"; };
		BEB921492884FC33004FA147 /* GameViewController.m */ = {isa = PBXFileReference; lastKnownFileType = sourcecode.c.objc; path = GameViewController.m; sourceTree = "<group>"; };
		BEB9214F28850864004FA147 /* ParticleScene.sks */ = {isa = PBXFileReference; lastKnownFileType = file.sks; path = ParticleScene.sks; sourceTree = "<group>"; };
		BEB921542885089D004FA147 /* ParticleScene.h */ = {isa = PBXFileReference; lastKnownFileType = sourcecode.c.h; path = ParticleScene.h; sourceTree = "<group>"; };
		BEB921552885089D004FA147 /* ParticleScene.m */ = {isa = PBXFileReference; lastKnownFileType = sourcecode.c.objc; path = ParticleScene.m; sourceTree = "<group>"; };
		BEDF114A2874FA0A00B080A4 /* CapstoneProject.app */ = {isa = PBXFileReference; explicitFileType = wrapper.application; includeInIndex = 0; path = CapstoneProject.app; sourceTree = BUILT_PRODUCTS_DIR; };
		BEDF114D2874FA0A00B080A4 /* AppDelegate.h */ = {isa = PBXFileReference; lastKnownFileType = sourcecode.c.h; path = AppDelegate.h; sourceTree = "<group>"; };
		BEDF114E2874FA0A00B080A4 /* AppDelegate.m */ = {isa = PBXFileReference; lastKnownFileType = sourcecode.c.objc; path = AppDelegate.m; sourceTree = "<group>"; };
		BEDF11502874FA0A00B080A4 /* SceneDelegate.h */ = {isa = PBXFileReference; lastKnownFileType = sourcecode.c.h; path = SceneDelegate.h; sourceTree = "<group>"; };
		BEDF11512874FA0A00B080A4 /* SceneDelegate.m */ = {isa = PBXFileReference; lastKnownFileType = sourcecode.c.objc; path = SceneDelegate.m; sourceTree = "<group>"; };
		BEDF11572874FA0A00B080A4 /* Base */ = {isa = PBXFileReference; lastKnownFileType = file.storyboard; name = Base; path = Base.lproj/Main.storyboard; sourceTree = "<group>"; };
		BEDF11592874FA0A00B080A4 /* Assets.xcassets */ = {isa = PBXFileReference; lastKnownFileType = folder.assetcatalog; path = Assets.xcassets; sourceTree = "<group>"; };
		BEDF115C2874FA0A00B080A4 /* Base */ = {isa = PBXFileReference; lastKnownFileType = file.storyboard; name = Base; path = Base.lproj/LaunchScreen.storyboard; sourceTree = "<group>"; };
		BEDF115E2874FA0A00B080A4 /* Info.plist */ = {isa = PBXFileReference; lastKnownFileType = text.plist.xml; path = Info.plist; sourceTree = "<group>"; };
		BEDF115F2874FA0A00B080A4 /* main.m */ = {isa = PBXFileReference; lastKnownFileType = sourcecode.c.objc; path = main.m; sourceTree = "<group>"; };
		BEDF11652874FA0B00B080A4 /* CapstoneProjectTests.xctest */ = {isa = PBXFileReference; explicitFileType = wrapper.cfbundle; includeInIndex = 0; path = CapstoneProjectTests.xctest; sourceTree = BUILT_PRODUCTS_DIR; };
		BEDF11692874FA0B00B080A4 /* CapstoneProjectTests.m */ = {isa = PBXFileReference; lastKnownFileType = sourcecode.c.objc; path = CapstoneProjectTests.m; sourceTree = "<group>"; };
		BEDF116F2874FA0B00B080A4 /* CapstoneProjectUITests.xctest */ = {isa = PBXFileReference; explicitFileType = wrapper.cfbundle; includeInIndex = 0; path = CapstoneProjectUITests.xctest; sourceTree = BUILT_PRODUCTS_DIR; };
		BEDF11732874FA0B00B080A4 /* CapstoneProjectUITests.m */ = {isa = PBXFileReference; lastKnownFileType = sourcecode.c.objc; path = CapstoneProjectUITests.m; sourceTree = "<group>"; };
		BEDF11752874FA0B00B080A4 /* CapstoneProjectUITestsLaunchTests.m */ = {isa = PBXFileReference; lastKnownFileType = sourcecode.c.objc; path = CapstoneProjectUITestsLaunchTests.m; sourceTree = "<group>"; };
		C76E1444D957C3582942E6D2 /* Pods_CapstoneProject.framework */ = {isa = PBXFileReference; explicitFileType = wrapper.framework; includeInIndex = 0; path = Pods_CapstoneProject.framework; sourceTree = BUILT_PRODUCTS_DIR; };
		DA8A8C9706924FC689158328 /* Pods-CapstoneProject-CapstoneProjectUITests.release.xcconfig */ = {isa = PBXFileReference; includeInIndex = 1; lastKnownFileType = text.xcconfig; name = "Pods-CapstoneProject-CapstoneProjectUITests.release.xcconfig"; path = "Target Support Files/Pods-CapstoneProject-CapstoneProjectUITests/Pods-CapstoneProject-CapstoneProjectUITests.release.xcconfig"; sourceTree = "<group>"; };
		F395E8B2D713DC5650D5B564 /* Pods-CapstoneProjectTests.release.xcconfig */ = {isa = PBXFileReference; includeInIndex = 1; lastKnownFileType = text.xcconfig; name = "Pods-CapstoneProjectTests.release.xcconfig"; path = "Target Support Files/Pods-CapstoneProjectTests/Pods-CapstoneProjectTests.release.xcconfig"; sourceTree = "<group>"; };
/* End PBXFileReference section */

/* Begin PBXFrameworksBuildPhase section */
		BEDF11472874FA0A00B080A4 /* Frameworks */ = {
			isa = PBXFrameworksBuildPhase;
			buildActionMask = 2147483647;
			files = (
				0DD0EF32807DCAD0A1620E3D /* Pods_CapstoneProject.framework in Frameworks */,
			);
			runOnlyForDeploymentPostprocessing = 0;
		};
		BEDF11622874FA0B00B080A4 /* Frameworks */ = {
			isa = PBXFrameworksBuildPhase;
			buildActionMask = 2147483647;
			files = (
				76A39FE0FECDB0E40A1CB644 /* Pods_CapstoneProjectTests.framework in Frameworks */,
			);
			runOnlyForDeploymentPostprocessing = 0;
		};
		BEDF116C2874FA0B00B080A4 /* Frameworks */ = {
			isa = PBXFrameworksBuildPhase;
			buildActionMask = 2147483647;
			files = (
				E5D724672053C346233AB583 /* Pods_CapstoneProject_CapstoneProjectUITests.framework in Frameworks */,
			);
			runOnlyForDeploymentPostprocessing = 0;
		};
/* End PBXFrameworksBuildPhase section */

/* Begin PBXGroup section */
		38E92600642945540ACFBBA9 /* Frameworks */ = {
			isa = PBXGroup;
			children = (
				C76E1444D957C3582942E6D2 /* Pods_CapstoneProject.framework */,
				60C8BB42D443404A01EF19AE /* Pods_CapstoneProject_CapstoneProjectUITests.framework */,
				646B9531342764967FC8DCA9 /* Pods_CapstoneProjectTests.framework */,
			);
			name = Frameworks;
			sourceTree = "<group>";
		};
		BCAF621CD192F9C904F394A4 /* Pods */ = {
			isa = PBXGroup;
			children = (
				2542B5FFEF9120348C6152D5 /* Pods-CapstoneProject.debug.xcconfig */,
				613F07BED52BC5BB07C0AB1D /* Pods-CapstoneProject.release.xcconfig */,
				82FAADA8062714733CF4DD2B /* Pods-CapstoneProject-CapstoneProjectUITests.debug.xcconfig */,
				DA8A8C9706924FC689158328 /* Pods-CapstoneProject-CapstoneProjectUITests.release.xcconfig */,
				853EA4DD722796AA0D889F4D /* Pods-CapstoneProjectTests.debug.xcconfig */,
				F395E8B2D713DC5650D5B564 /* Pods-CapstoneProjectTests.release.xcconfig */,
			);
			path = Pods;
			sourceTree = "<group>";
		};
		BE166FD92891F6D70062D0CF /* Cache Extensions */ = {
			isa = PBXGroup;
			children = (
				BE166FDA2891F8010062D0CF /* CacheExtention.h */,
				BE166FDB2891F8010062D0CF /* CacheExtention.m */,
			);
			path = "Cache Extensions";
			sourceTree = "<group>";
		};
		BE8277D4287C8DAB0059B509 /* Views */ = {
			isa = PBXGroup;
			children = (
				BE8277D5287C8DDD0059B509 /* PostCell.h */,
				BE8277D6287C8DDD0059B509 /* PostCell.m */,
				BE05CF3428820F4400899BE9 /* CourseCell.h */,
				BE05CF3528820F4400899BE9 /* CourseCell.m */,
				BE166FDD2891F9270062D0CF /* CommentCell.h */,
				BE166FDE2891F9270062D0CF /* CommentCell.m */,
			);
			path = Views;
			sourceTree = "<group>";
		};
		BE8277D8287C91040059B509 /* Models */ = {
			isa = PBXGroup;
			children = (
				BE8277D9287C91230059B509 /* Post.h */,
				BE8277DA287C91230059B509 /* Post.m */,
				BE166FE02891FA2A0062D0CF /* Comment.h */,
				BE166FE12891FA2A0062D0CF /* Comment.m */,
			);
			path = Models;
			sourceTree = "<group>";
		};
		BEA4666828781C0400D57C23 /* View Controllers */ = {
			isa = PBXGroup;
			children = (
				BEA4666928781C1F00D57C23 /* FBLoginViewController.h */,
				BEA4666A28781C1F00D57C23 /* FBLoginViewController.m */,
				BEA4666C2878CF2500D57C23 /* QuestionFeedViewController.h */,
				BEA4666D2878CF2500D57C23 /* QuestionFeedViewController.m */,
				BE1762E1287BDE0300B7DD03 /* ComposeViewController.h */,
				BE1762E2287BDE0300B7DD03 /* ComposeViewController.m */,
				BE05CF3128820E1500899BE9 /* SelectCourseViewController.h */,
				BE05CF3228820E1500899BE9 /* SelectCourseViewController.m */,
				BE05CF2E2880C97D00899BE9 /* TabBarViewController.h */,
				BE05CF2F2880C97D00899BE9 /* TabBarViewController.m */,
				BEB921482884FC33004FA147 /* GameViewController.h */,
				BEB921492884FC33004FA147 /* GameViewController.m */,
				BE53E1252888AD3000744F3A /* PostDetailsViewController.h */,
				BE53E1262888AD3000744F3A /* PostDetailsViewController.m */,
				BE53E1282888AD6C00744F3A /* AnsweringViewController.h */,
				BE53E1292888AD6C00744F3A /* AnsweringViewController.m */,
			);
			path = "View Controllers";
			sourceTree = "<group>";
		};
		BEB9214E28850834004FA147 /* SpriteKit Scenes */ = {
			isa = PBXGroup;
			children = (
				BEB9214F28850864004FA147 /* ParticleScene.sks */,
				BEB921542885089D004FA147 /* ParticleScene.h */,
				BEB921552885089D004FA147 /* ParticleScene.m */,
			);
			path = "SpriteKit Scenes";
			sourceTree = "<group>";
		};
		BEDF11412874FA0A00B080A4 = {
			isa = PBXGroup;
			children = (
				BEDF114C2874FA0A00B080A4 /* CapstoneProject */,
				BEDF11682874FA0B00B080A4 /* CapstoneProjectTests */,
				BEDF11722874FA0B00B080A4 /* CapstoneProjectUITests */,
				BEDF114B2874FA0A00B080A4 /* Products */,
				BCAF621CD192F9C904F394A4 /* Pods */,
				38E92600642945540ACFBBA9 /* Frameworks */,
			);
			sourceTree = "<group>";
		};
		BEDF114B2874FA0A00B080A4 /* Products */ = {
			isa = PBXGroup;
			children = (
				BEDF114A2874FA0A00B080A4 /* CapstoneProject.app */,
				BEDF11652874FA0B00B080A4 /* CapstoneProjectTests.xctest */,
				BEDF116F2874FA0B00B080A4 /* CapstoneProjectUITests.xctest */,
			);
			name = Products;
			sourceTree = "<group>";
		};
		BEDF114C2874FA0A00B080A4 /* CapstoneProject */ = {
			isa = PBXGroup;
			children = (
				BEA4666728781ADB00D57C23 /* CapstoneProject.entitlements */,
				BEDF114D2874FA0A00B080A4 /* AppDelegate.h */,
				BEDF114E2874FA0A00B080A4 /* AppDelegate.m */,
				BEDF11502874FA0A00B080A4 /* SceneDelegate.h */,
				BEDF11512874FA0A00B080A4 /* SceneDelegate.m */,
				BE166FD92891F6D70062D0CF /* Cache Extensions */,
				BEB9214E28850834004FA147 /* SpriteKit Scenes */,
				BE8277D8287C91040059B509 /* Models */,
				BE8277D4287C8DAB0059B509 /* Views */,
				BEA4666828781C0400D57C23 /* View Controllers */,
				BEDF11562874FA0A00B080A4 /* Main.storyboard */,
				BEDF11592874FA0A00B080A4 /* Assets.xcassets */,
				BEDF115B2874FA0A00B080A4 /* LaunchScreen.storyboard */,
				BEDF115E2874FA0A00B080A4 /* Info.plist */,
				BEDF115F2874FA0A00B080A4 /* main.m */,
			);
			path = CapstoneProject;
			sourceTree = "<group>";
		};
		BEDF11682874FA0B00B080A4 /* CapstoneProjectTests */ = {
			isa = PBXGroup;
			children = (
				BEDF11692874FA0B00B080A4 /* CapstoneProjectTests.m */,
			);
			path = CapstoneProjectTests;
			sourceTree = "<group>";
		};
		BEDF11722874FA0B00B080A4 /* CapstoneProjectUITests */ = {
			isa = PBXGroup;
			children = (
				BEDF11732874FA0B00B080A4 /* CapstoneProjectUITests.m */,
				BEDF11752874FA0B00B080A4 /* CapstoneProjectUITestsLaunchTests.m */,
			);
			path = CapstoneProjectUITests;
			sourceTree = "<group>";
		};
/* End PBXGroup section */

/* Begin PBXNativeTarget section */
		BEDF11492874FA0A00B080A4 /* CapstoneProject */ = {
			isa = PBXNativeTarget;
			buildConfigurationList = BEDF11792874FA0B00B080A4 /* Build configuration list for PBXNativeTarget "CapstoneProject" */;
			buildPhases = (
				7CA767B4BE5E6DF4FCB2EA07 /* [CP] Check Pods Manifest.lock */,
				BEDF11462874FA0A00B080A4 /* Sources */,
				BEDF11472874FA0A00B080A4 /* Frameworks */,
				BEDF11482874FA0A00B080A4 /* Resources */,
				096749116D502A9D3A056205 /* [CP] Embed Pods Frameworks */,
			);
			buildRules = (
			);
			dependencies = (
			);
			name = CapstoneProject;
			productName = CapstoneProject;
			productReference = BEDF114A2874FA0A00B080A4 /* CapstoneProject.app */;
			productType = "com.apple.product-type.application";
		};
		BEDF11642874FA0B00B080A4 /* CapstoneProjectTests */ = {
			isa = PBXNativeTarget;
			buildConfigurationList = BEDF117C2874FA0B00B080A4 /* Build configuration list for PBXNativeTarget "CapstoneProjectTests" */;
			buildPhases = (
				CCAE40FA0C20AA183325DBE8 /* [CP] Check Pods Manifest.lock */,
				BEDF11612874FA0B00B080A4 /* Sources */,
				BEDF11622874FA0B00B080A4 /* Frameworks */,
				BEDF11632874FA0B00B080A4 /* Resources */,
			);
			buildRules = (
			);
			dependencies = (
				BEDF11672874FA0B00B080A4 /* PBXTargetDependency */,
			);
			name = CapstoneProjectTests;
			productName = CapstoneProjectTests;
			productReference = BEDF11652874FA0B00B080A4 /* CapstoneProjectTests.xctest */;
			productType = "com.apple.product-type.bundle.unit-test";
		};
		BEDF116E2874FA0B00B080A4 /* CapstoneProjectUITests */ = {
			isa = PBXNativeTarget;
			buildConfigurationList = BEDF117F2874FA0B00B080A4 /* Build configuration list for PBXNativeTarget "CapstoneProjectUITests" */;
			buildPhases = (
				846DD11373864D45E193CFB4 /* [CP] Check Pods Manifest.lock */,
				BEDF116B2874FA0B00B080A4 /* Sources */,
				BEDF116C2874FA0B00B080A4 /* Frameworks */,
				BEDF116D2874FA0B00B080A4 /* Resources */,
				D359500EC395941CC8492D88 /* [CP] Embed Pods Frameworks */,
			);
			buildRules = (
			);
			dependencies = (
				BEDF11712874FA0B00B080A4 /* PBXTargetDependency */,
			);
			name = CapstoneProjectUITests;
			productName = CapstoneProjectUITests;
			productReference = BEDF116F2874FA0B00B080A4 /* CapstoneProjectUITests.xctest */;
			productType = "com.apple.product-type.bundle.ui-testing";
		};
/* End PBXNativeTarget section */

/* Begin PBXProject section */
		BEDF11422874FA0A00B080A4 /* Project object */ = {
			isa = PBXProject;
			attributes = {
				BuildIndependentTargetsInParallel = 1;
				LastUpgradeCheck = 1340;
				TargetAttributes = {
					BEDF11492874FA0A00B080A4 = {
						CreatedOnToolsVersion = 13.4;
					};
					BEDF11642874FA0B00B080A4 = {
						CreatedOnToolsVersion = 13.4;
						TestTargetID = BEDF11492874FA0A00B080A4;
					};
					BEDF116E2874FA0B00B080A4 = {
						CreatedOnToolsVersion = 13.4;
						TestTargetID = BEDF11492874FA0A00B080A4;
					};
				};
			};
			buildConfigurationList = BEDF11452874FA0A00B080A4 /* Build configuration list for PBXProject "CapstoneProject" */;
			compatibilityVersion = "Xcode 13.0";
			developmentRegion = en;
			hasScannedForEncodings = 0;
			knownRegions = (
				en,
				Base,
			);
			mainGroup = BEDF11412874FA0A00B080A4;
			productRefGroup = BEDF114B2874FA0A00B080A4 /* Products */;
			projectDirPath = "";
			projectRoot = "";
			targets = (
				BEDF11492874FA0A00B080A4 /* CapstoneProject */,
				BEDF11642874FA0B00B080A4 /* CapstoneProjectTests */,
				BEDF116E2874FA0B00B080A4 /* CapstoneProjectUITests */,
			);
		};
/* End PBXProject section */

/* Begin PBXResourcesBuildPhase section */
		BEDF11482874FA0A00B080A4 /* Resources */ = {
			isa = PBXResourcesBuildPhase;
			buildActionMask = 2147483647;
			files = (
				BEDF115D2874FA0A00B080A4 /* LaunchScreen.storyboard in Resources */,
				BEDF115A2874FA0A00B080A4 /* Assets.xcassets in Resources */,
				BEB9215028850864004FA147 /* ParticleScene.sks in Resources */,
				BEDF11582874FA0A00B080A4 /* Main.storyboard in Resources */,
			);
			runOnlyForDeploymentPostprocessing = 0;
		};
		BEDF11632874FA0B00B080A4 /* Resources */ = {
			isa = PBXResourcesBuildPhase;
			buildActionMask = 2147483647;
			files = (
			);
			runOnlyForDeploymentPostprocessing = 0;
		};
		BEDF116D2874FA0B00B080A4 /* Resources */ = {
			isa = PBXResourcesBuildPhase;
			buildActionMask = 2147483647;
			files = (
			);
			runOnlyForDeploymentPostprocessing = 0;
		};
/* End PBXResourcesBuildPhase section */

/* Begin PBXShellScriptBuildPhase section */
		096749116D502A9D3A056205 /* [CP] Embed Pods Frameworks */ = {
			isa = PBXShellScriptBuildPhase;
			buildActionMask = 2147483647;
			files = (
			);
			inputFileListPaths = (
				"${PODS_ROOT}/Target Support Files/Pods-CapstoneProject/Pods-CapstoneProject-frameworks-${CONFIGURATION}-input-files.xcfilelist",
			);
			name = "[CP] Embed Pods Frameworks";
			outputFileListPaths = (
				"${PODS_ROOT}/Target Support Files/Pods-CapstoneProject/Pods-CapstoneProject-frameworks-${CONFIGURATION}-output-files.xcfilelist",
			);
			runOnlyForDeploymentPostprocessing = 0;
			shellPath = /bin/sh;
			shellScript = "\"${PODS_ROOT}/Target Support Files/Pods-CapstoneProject/Pods-CapstoneProject-frameworks.sh\"\n";
			showEnvVarsInLog = 0;
		};
		7CA767B4BE5E6DF4FCB2EA07 /* [CP] Check Pods Manifest.lock */ = {
			isa = PBXShellScriptBuildPhase;
			buildActionMask = 2147483647;
			files = (
			);
			inputFileListPaths = (
			);
			inputPaths = (
				"${PODS_PODFILE_DIR_PATH}/Podfile.lock",
				"${PODS_ROOT}/Manifest.lock",
			);
			name = "[CP] Check Pods Manifest.lock";
			outputFileListPaths = (
			);
			outputPaths = (
				"$(DERIVED_FILE_DIR)/Pods-CapstoneProject-checkManifestLockResult.txt",
			);
			runOnlyForDeploymentPostprocessing = 0;
			shellPath = /bin/sh;
			shellScript = "diff \"${PODS_PODFILE_DIR_PATH}/Podfile.lock\" \"${PODS_ROOT}/Manifest.lock\" > /dev/null\nif [ $? != 0 ] ; then\n    # print error to STDERR\n    echo \"error: The sandbox is not in sync with the Podfile.lock. Run 'pod install' or update your CocoaPods installation.\" >&2\n    exit 1\nfi\n# This output is used by Xcode 'outputs' to avoid re-running this script phase.\necho \"SUCCESS\" > \"${SCRIPT_OUTPUT_FILE_0}\"\n";
			showEnvVarsInLog = 0;
		};
		846DD11373864D45E193CFB4 /* [CP] Check Pods Manifest.lock */ = {
			isa = PBXShellScriptBuildPhase;
			buildActionMask = 2147483647;
			files = (
			);
			inputFileListPaths = (
			);
			inputPaths = (
				"${PODS_PODFILE_DIR_PATH}/Podfile.lock",
				"${PODS_ROOT}/Manifest.lock",
			);
			name = "[CP] Check Pods Manifest.lock";
			outputFileListPaths = (
			);
			outputPaths = (
				"$(DERIVED_FILE_DIR)/Pods-CapstoneProject-CapstoneProjectUITests-checkManifestLockResult.txt",
			);
			runOnlyForDeploymentPostprocessing = 0;
			shellPath = /bin/sh;
			shellScript = "diff \"${PODS_PODFILE_DIR_PATH}/Podfile.lock\" \"${PODS_ROOT}/Manifest.lock\" > /dev/null\nif [ $? != 0 ] ; then\n    # print error to STDERR\n    echo \"error: The sandbox is not in sync with the Podfile.lock. Run 'pod install' or update your CocoaPods installation.\" >&2\n    exit 1\nfi\n# This output is used by Xcode 'outputs' to avoid re-running this script phase.\necho \"SUCCESS\" > \"${SCRIPT_OUTPUT_FILE_0}\"\n";
			showEnvVarsInLog = 0;
		};
		CCAE40FA0C20AA183325DBE8 /* [CP] Check Pods Manifest.lock */ = {
			isa = PBXShellScriptBuildPhase;
			buildActionMask = 2147483647;
			files = (
			);
			inputFileListPaths = (
			);
			inputPaths = (
				"${PODS_PODFILE_DIR_PATH}/Podfile.lock",
				"${PODS_ROOT}/Manifest.lock",
			);
			name = "[CP] Check Pods Manifest.lock";
			outputFileListPaths = (
			);
			outputPaths = (
				"$(DERIVED_FILE_DIR)/Pods-CapstoneProjectTests-checkManifestLockResult.txt",
			);
			runOnlyForDeploymentPostprocessing = 0;
			shellPath = /bin/sh;
			shellScript = "diff \"${PODS_PODFILE_DIR_PATH}/Podfile.lock\" \"${PODS_ROOT}/Manifest.lock\" > /dev/null\nif [ $? != 0 ] ; then\n    # print error to STDERR\n    echo \"error: The sandbox is not in sync with the Podfile.lock. Run 'pod install' or update your CocoaPods installation.\" >&2\n    exit 1\nfi\n# This output is used by Xcode 'outputs' to avoid re-running this script phase.\necho \"SUCCESS\" > \"${SCRIPT_OUTPUT_FILE_0}\"\n";
			showEnvVarsInLog = 0;
		};
		D359500EC395941CC8492D88 /* [CP] Embed Pods Frameworks */ = {
			isa = PBXShellScriptBuildPhase;
			buildActionMask = 2147483647;
			files = (
			);
			inputFileListPaths = (
				"${PODS_ROOT}/Target Support Files/Pods-CapstoneProject-CapstoneProjectUITests/Pods-CapstoneProject-CapstoneProjectUITests-frameworks-${CONFIGURATION}-input-files.xcfilelist",
			);
			name = "[CP] Embed Pods Frameworks";
			outputFileListPaths = (
				"${PODS_ROOT}/Target Support Files/Pods-CapstoneProject-CapstoneProjectUITests/Pods-CapstoneProject-CapstoneProjectUITests-frameworks-${CONFIGURATION}-output-files.xcfilelist",
			);
			runOnlyForDeploymentPostprocessing = 0;
			shellPath = /bin/sh;
			shellScript = "\"${PODS_ROOT}/Target Support Files/Pods-CapstoneProject-CapstoneProjectUITests/Pods-CapstoneProject-CapstoneProjectUITests-frameworks.sh\"\n";
			showEnvVarsInLog = 0;
		};
/* End PBXShellScriptBuildPhase section */

/* Begin PBXSourcesBuildPhase section */
		BEDF11462874FA0A00B080A4 /* Sources */ = {
			isa = PBXSourcesBuildPhase;
			buildActionMask = 2147483647;
			files = (
				BE05CF302880C97D00899BE9 /* TabBarViewController.m in Sources */,
				BE53E12A2888AD6C00744F3A /* AnsweringViewController.m in Sources */,
				BEB9214A2884FC33004FA147 /* GameViewController.m in Sources */,
				BEDF114F2874FA0A00B080A4 /* AppDelegate.m in Sources */,
				BE53E1272888AD3000744F3A /* PostDetailsViewController.m in Sources */,
				BEB921562885089D004FA147 /* ParticleScene.m in Sources */,
				BEDF11602874FA0A00B080A4 /* main.m in Sources */,
				BE166FE22891FA2A0062D0CF /* Comment.m in Sources */,
				BE8277D7287C8DDD0059B509 /* PostCell.m in Sources */,
				BE8277DB287C91230059B509 /* Post.m in Sources */,
				BEDF11522874FA0A00B080A4 /* SceneDelegate.m in Sources */,
				BE1762E3287BDE0300B7DD03 /* ComposeViewController.m in Sources */,
				BE05CF3628820F4400899BE9 /* CourseCell.m in Sources */,
				BEA4666E2878CF2500D57C23 /* QuestionFeedViewController.m in Sources */,
				BE166FDC2891F8010062D0CF /* CacheExtention.m in Sources */,
				BEA4666B28781C1F00D57C23 /* FBLoginViewController.m in Sources */,
				BE166FDF2891F9270062D0CF /* CommentCell.m in Sources */,
				BE05CF3328820E1500899BE9 /* SelectCourseViewController.m in Sources */,
			);
			runOnlyForDeploymentPostprocessing = 0;
		};
		BEDF11612874FA0B00B080A4 /* Sources */ = {
			isa = PBXSourcesBuildPhase;
			buildActionMask = 2147483647;
			files = (
				BEDF116A2874FA0B00B080A4 /* CapstoneProjectTests.m in Sources */,
			);
			runOnlyForDeploymentPostprocessing = 0;
		};
		BEDF116B2874FA0B00B080A4 /* Sources */ = {
			isa = PBXSourcesBuildPhase;
			buildActionMask = 2147483647;
			files = (
				BEDF11742874FA0B00B080A4 /* CapstoneProjectUITests.m in Sources */,
				BEDF11762874FA0B00B080A4 /* CapstoneProjectUITestsLaunchTests.m in Sources */,
			);
			runOnlyForDeploymentPostprocessing = 0;
		};
/* End PBXSourcesBuildPhase section */

/* Begin PBXTargetDependency section */
		BEDF11672874FA0B00B080A4 /* PBXTargetDependency */ = {
			isa = PBXTargetDependency;
			target = BEDF11492874FA0A00B080A4 /* CapstoneProject */;
			targetProxy = BEDF11662874FA0B00B080A4 /* PBXContainerItemProxy */;
		};
		BEDF11712874FA0B00B080A4 /* PBXTargetDependency */ = {
			isa = PBXTargetDependency;
			target = BEDF11492874FA0A00B080A4 /* CapstoneProject */;
			targetProxy = BEDF11702874FA0B00B080A4 /* PBXContainerItemProxy */;
		};
/* End PBXTargetDependency section */

/* Begin PBXVariantGroup section */
		BEDF11562874FA0A00B080A4 /* Main.storyboard */ = {
			isa = PBXVariantGroup;
			children = (
				BEDF11572874FA0A00B080A4 /* Base */,
			);
			name = Main.storyboard;
			sourceTree = "<group>";
		};
		BEDF115B2874FA0A00B080A4 /* LaunchScreen.storyboard */ = {
			isa = PBXVariantGroup;
			children = (
				BEDF115C2874FA0A00B080A4 /* Base */,
			);
			name = LaunchScreen.storyboard;
			sourceTree = "<group>";
		};
/* End PBXVariantGroup section */

/* Begin XCBuildConfiguration section */
		BEDF11772874FA0B00B080A4 /* Debug */ = {
			isa = XCBuildConfiguration;
			buildSettings = {
				ALWAYS_SEARCH_USER_PATHS = NO;
				CLANG_ANALYZER_NONNULL = YES;
				CLANG_ANALYZER_NUMBER_OBJECT_CONVERSION = YES_AGGRESSIVE;
				CLANG_CXX_LANGUAGE_STANDARD = "gnu++17";
				CLANG_ENABLE_MODULES = YES;
				CLANG_ENABLE_OBJC_ARC = YES;
				CLANG_ENABLE_OBJC_WEAK = YES;
				CLANG_WARN_BLOCK_CAPTURE_AUTORELEASING = YES;
				CLANG_WARN_BOOL_CONVERSION = YES;
				CLANG_WARN_COMMA = YES;
				CLANG_WARN_CONSTANT_CONVERSION = YES;
				CLANG_WARN_DEPRECATED_OBJC_IMPLEMENTATIONS = YES;
				CLANG_WARN_DIRECT_OBJC_ISA_USAGE = YES_ERROR;
				CLANG_WARN_DOCUMENTATION_COMMENTS = YES;
				CLANG_WARN_EMPTY_BODY = YES;
				CLANG_WARN_ENUM_CONVERSION = YES;
				CLANG_WARN_INFINITE_RECURSION = YES;
				CLANG_WARN_INT_CONVERSION = YES;
				CLANG_WARN_NON_LITERAL_NULL_CONVERSION = YES;
				CLANG_WARN_OBJC_IMPLICIT_RETAIN_SELF = YES;
				CLANG_WARN_OBJC_LITERAL_CONVERSION = YES;
				CLANG_WARN_OBJC_ROOT_CLASS = YES_ERROR;
				CLANG_WARN_QUOTED_INCLUDE_IN_FRAMEWORK_HEADER = YES;
				CLANG_WARN_RANGE_LOOP_ANALYSIS = YES;
				CLANG_WARN_STRICT_PROTOTYPES = YES;
				CLANG_WARN_SUSPICIOUS_MOVE = YES;
				CLANG_WARN_UNGUARDED_AVAILABILITY = YES_AGGRESSIVE;
				CLANG_WARN_UNREACHABLE_CODE = YES;
				CLANG_WARN__DUPLICATE_METHOD_MATCH = YES;
				COPY_PHASE_STRIP = NO;
				DEBUG_INFORMATION_FORMAT = dwarf;
				ENABLE_STRICT_OBJC_MSGSEND = YES;
				ENABLE_TESTABILITY = YES;
				GCC_C_LANGUAGE_STANDARD = gnu11;
				GCC_DYNAMIC_NO_PIC = NO;
				GCC_NO_COMMON_BLOCKS = YES;
				GCC_OPTIMIZATION_LEVEL = 0;
				GCC_PREPROCESSOR_DEFINITIONS = (
					"DEBUG=1",
					"$(inherited)",
				);
				GCC_WARN_64_TO_32_BIT_CONVERSION = YES;
				GCC_WARN_ABOUT_RETURN_TYPE = YES_ERROR;
				GCC_WARN_UNDECLARED_SELECTOR = YES;
				GCC_WARN_UNINITIALIZED_AUTOS = YES_AGGRESSIVE;
				GCC_WARN_UNUSED_FUNCTION = YES;
				GCC_WARN_UNUSED_VARIABLE = YES;
				IPHONEOS_DEPLOYMENT_TARGET = 15.5;
				MTL_ENABLE_DEBUG_INFO = INCLUDE_SOURCE;
				MTL_FAST_MATH = YES;
				ONLY_ACTIVE_ARCH = YES;
				SDKROOT = iphoneos;
			};
			name = Debug;
		};
		BEDF11782874FA0B00B080A4 /* Release */ = {
			isa = XCBuildConfiguration;
			buildSettings = {
				ALWAYS_SEARCH_USER_PATHS = NO;
				CLANG_ANALYZER_NONNULL = YES;
				CLANG_ANALYZER_NUMBER_OBJECT_CONVERSION = YES_AGGRESSIVE;
				CLANG_CXX_LANGUAGE_STANDARD = "gnu++17";
				CLANG_ENABLE_MODULES = YES;
				CLANG_ENABLE_OBJC_ARC = YES;
				CLANG_ENABLE_OBJC_WEAK = YES;
				CLANG_WARN_BLOCK_CAPTURE_AUTORELEASING = YES;
				CLANG_WARN_BOOL_CONVERSION = YES;
				CLANG_WARN_COMMA = YES;
				CLANG_WARN_CONSTANT_CONVERSION = YES;
				CLANG_WARN_DEPRECATED_OBJC_IMPLEMENTATIONS = YES;
				CLANG_WARN_DIRECT_OBJC_ISA_USAGE = YES_ERROR;
				CLANG_WARN_DOCUMENTATION_COMMENTS = YES;
				CLANG_WARN_EMPTY_BODY = YES;
				CLANG_WARN_ENUM_CONVERSION = YES;
				CLANG_WARN_INFINITE_RECURSION = YES;
				CLANG_WARN_INT_CONVERSION = YES;
				CLANG_WARN_NON_LITERAL_NULL_CONVERSION = YES;
				CLANG_WARN_OBJC_IMPLICIT_RETAIN_SELF = YES;
				CLANG_WARN_OBJC_LITERAL_CONVERSION = YES;
				CLANG_WARN_OBJC_ROOT_CLASS = YES_ERROR;
				CLANG_WARN_QUOTED_INCLUDE_IN_FRAMEWORK_HEADER = YES;
				CLANG_WARN_RANGE_LOOP_ANALYSIS = YES;
				CLANG_WARN_STRICT_PROTOTYPES = YES;
				CLANG_WARN_SUSPICIOUS_MOVE = YES;
				CLANG_WARN_UNGUARDED_AVAILABILITY = YES_AGGRESSIVE;
				CLANG_WARN_UNREACHABLE_CODE = YES;
				CLANG_WARN__DUPLICATE_METHOD_MATCH = YES;
				COPY_PHASE_STRIP = NO;
				DEBUG_INFORMATION_FORMAT = "dwarf-with-dsym";
				ENABLE_NS_ASSERTIONS = NO;
				ENABLE_STRICT_OBJC_MSGSEND = YES;
				GCC_C_LANGUAGE_STANDARD = gnu11;
				GCC_NO_COMMON_BLOCKS = YES;
				GCC_WARN_64_TO_32_BIT_CONVERSION = YES;
				GCC_WARN_ABOUT_RETURN_TYPE = YES_ERROR;
				GCC_WARN_UNDECLARED_SELECTOR = YES;
				GCC_WARN_UNINITIALIZED_AUTOS = YES_AGGRESSIVE;
				GCC_WARN_UNUSED_FUNCTION = YES;
				GCC_WARN_UNUSED_VARIABLE = YES;
				IPHONEOS_DEPLOYMENT_TARGET = 15.5;
				MTL_ENABLE_DEBUG_INFO = NO;
				MTL_FAST_MATH = YES;
				SDKROOT = iphoneos;
				VALIDATE_PRODUCT = YES;
			};
			name = Release;
		};
		BEDF117A2874FA0B00B080A4 /* Debug */ = {
			isa = XCBuildConfiguration;
			baseConfigurationReference = 2542B5FFEF9120348C6152D5 /* Pods-CapstoneProject.debug.xcconfig */;
			buildSettings = {
				ASSETCATALOG_COMPILER_APPICON_NAME = AppIcon;
				ASSETCATALOG_COMPILER_GLOBAL_ACCENT_COLOR_NAME = AccentColor;
				CODE_SIGN_ENTITLEMENTS = CapstoneProject/CapstoneProject.entitlements;
				CODE_SIGN_STYLE = Automatic;
				CURRENT_PROJECT_VERSION = 1;
				DEVELOPMENT_TEAM = R23XRH86L8;
				GENERATE_INFOPLIST_FILE = YES;
				INFOPLIST_FILE = CapstoneProject/Info.plist;
				INFOPLIST_KEY_UIApplicationSupportsIndirectInputEvents = YES;
				INFOPLIST_KEY_UILaunchStoryboardName = LaunchScreen;
				INFOPLIST_KEY_UIMainStoryboardFile = Main;
				INFOPLIST_KEY_UISupportedInterfaceOrientations_iPad = "UIInterfaceOrientationPortrait UIInterfaceOrientationPortraitUpsideDown UIInterfaceOrientationLandscapeLeft UIInterfaceOrientationLandscapeRight";
				INFOPLIST_KEY_UISupportedInterfaceOrientations_iPhone = "UIInterfaceOrientationPortrait UIInterfaceOrientationLandscapeLeft UIInterfaceOrientationLandscapeRight";
				LD_RUNPATH_SEARCH_PATHS = (
					"$(inherited)",
					"@executable_path/Frameworks",
				);
				MARKETING_VERSION = 1.0;
				PRODUCT_BUNDLE_IDENTIFIER = com.fb.CapstoneProject;
				PRODUCT_NAME = "$(TARGET_NAME)";
				SWIFT_EMIT_LOC_STRINGS = YES;
				TARGETED_DEVICE_FAMILY = "1,2";
			};
			name = Debug;
		};
		BEDF117B2874FA0B00B080A4 /* Release */ = {
			isa = XCBuildConfiguration;
			baseConfigurationReference = 613F07BED52BC5BB07C0AB1D /* Pods-CapstoneProject.release.xcconfig */;
			buildSettings = {
				ASSETCATALOG_COMPILER_APPICON_NAME = AppIcon;
				ASSETCATALOG_COMPILER_GLOBAL_ACCENT_COLOR_NAME = AccentColor;
				CODE_SIGN_ENTITLEMENTS = CapstoneProject/CapstoneProject.entitlements;
				CODE_SIGN_STYLE = Automatic;
				CURRENT_PROJECT_VERSION = 1;
				DEVELOPMENT_TEAM = R23XRH86L8;
				GENERATE_INFOPLIST_FILE = YES;
				INFOPLIST_FILE = CapstoneProject/Info.plist;
				INFOPLIST_KEY_UIApplicationSupportsIndirectInputEvents = YES;
				INFOPLIST_KEY_UILaunchStoryboardName = LaunchScreen;
				INFOPLIST_KEY_UIMainStoryboardFile = Main;
				INFOPLIST_KEY_UISupportedInterfaceOrientations_iPad = "UIInterfaceOrientationPortrait UIInterfaceOrientationPortraitUpsideDown UIInterfaceOrientationLandscapeLeft UIInterfaceOrientationLandscapeRight";
				INFOPLIST_KEY_UISupportedInterfaceOrientations_iPhone = "UIInterfaceOrientationPortrait UIInterfaceOrientationLandscapeLeft UIInterfaceOrientationLandscapeRight";
				LD_RUNPATH_SEARCH_PATHS = (
					"$(inherited)",
					"@executable_path/Frameworks",
				);
				MARKETING_VERSION = 1.0;
				PRODUCT_BUNDLE_IDENTIFIER = com.fb.CapstoneProject;
				PRODUCT_NAME = "$(TARGET_NAME)";
				SWIFT_EMIT_LOC_STRINGS = YES;
				TARGETED_DEVICE_FAMILY = "1,2";
			};
			name = Release;
		};
		BEDF117D2874FA0B00B080A4 /* Debug */ = {
			isa = XCBuildConfiguration;
			baseConfigurationReference = 853EA4DD722796AA0D889F4D /* Pods-CapstoneProjectTests.debug.xcconfig */;
			buildSettings = {
				BUNDLE_LOADER = "$(TEST_HOST)";
				CODE_SIGN_STYLE = Automatic;
				CURRENT_PROJECT_VERSION = 1;
				DEVELOPMENT_TEAM = R23XRH86L8;
				GENERATE_INFOPLIST_FILE = YES;
				IPHONEOS_DEPLOYMENT_TARGET = 15.5;
				MARKETING_VERSION = 1.0;
				PRODUCT_BUNDLE_IDENTIFIER = com.fb.CapstoneProjectTests;
				PRODUCT_NAME = "$(TARGET_NAME)";
				SWIFT_EMIT_LOC_STRINGS = NO;
				TARGETED_DEVICE_FAMILY = "1,2";
				TEST_HOST = "$(BUILT_PRODUCTS_DIR)/CapstoneProject.app/CapstoneProject";
			};
			name = Debug;
		};
		BEDF117E2874FA0B00B080A4 /* Release */ = {
			isa = XCBuildConfiguration;
			baseConfigurationReference = F395E8B2D713DC5650D5B564 /* Pods-CapstoneProjectTests.release.xcconfig */;
			buildSettings = {
				BUNDLE_LOADER = "$(TEST_HOST)";
				CODE_SIGN_STYLE = Automatic;
				CURRENT_PROJECT_VERSION = 1;
				DEVELOPMENT_TEAM = R23XRH86L8;
				GENERATE_INFOPLIST_FILE = YES;
				IPHONEOS_DEPLOYMENT_TARGET = 15.5;
				MARKETING_VERSION = 1.0;
				PRODUCT_BUNDLE_IDENTIFIER = com.fb.CapstoneProjectTests;
				PRODUCT_NAME = "$(TARGET_NAME)";
				SWIFT_EMIT_LOC_STRINGS = NO;
				TARGETED_DEVICE_FAMILY = "1,2";
				TEST_HOST = "$(BUILT_PRODUCTS_DIR)/CapstoneProject.app/CapstoneProject";
			};
			name = Release;
		};
		BEDF11802874FA0B00B080A4 /* Debug */ = {
			isa = XCBuildConfiguration;
			baseConfigurationReference = 82FAADA8062714733CF4DD2B /* Pods-CapstoneProject-CapstoneProjectUITests.debug.xcconfig */;
			buildSettings = {
				CODE_SIGN_STYLE = Automatic;
				CURRENT_PROJECT_VERSION = 1;
				DEVELOPMENT_TEAM = R23XRH86L8;
				GENERATE_INFOPLIST_FILE = YES;
				MARKETING_VERSION = 1.0;
				PRODUCT_BUNDLE_IDENTIFIER = com.fb.CapstoneProjectUITests;
				PRODUCT_NAME = "$(TARGET_NAME)";
				SWIFT_EMIT_LOC_STRINGS = NO;
				TARGETED_DEVICE_FAMILY = "1,2";
				TEST_TARGET_NAME = CapstoneProject;
			};
			name = Debug;
		};
		BEDF11812874FA0B00B080A4 /* Release */ = {
			isa = XCBuildConfiguration;
			baseConfigurationReference = DA8A8C9706924FC689158328 /* Pods-CapstoneProject-CapstoneProjectUITests.release.xcconfig */;
			buildSettings = {
				CODE_SIGN_STYLE = Automatic;
				CURRENT_PROJECT_VERSION = 1;
				DEVELOPMENT_TEAM = R23XRH86L8;
				GENERATE_INFOPLIST_FILE = YES;
				MARKETING_VERSION = 1.0;
				PRODUCT_BUNDLE_IDENTIFIER = com.fb.CapstoneProjectUITests;
				PRODUCT_NAME = "$(TARGET_NAME)";
				SWIFT_EMIT_LOC_STRINGS = NO;
				TARGETED_DEVICE_FAMILY = "1,2";
				TEST_TARGET_NAME = CapstoneProject;
			};
			name = Release;
		};
/* End XCBuildConfiguration section */

/* Begin XCConfigurationList section */
		BEDF11452874FA0A00B080A4 /* Build configuration list for PBXProject "CapstoneProject" */ = {
			isa = XCConfigurationList;
			buildConfigurations = (
				BEDF11772874FA0B00B080A4 /* Debug */,
				BEDF11782874FA0B00B080A4 /* Release */,
			);
			defaultConfigurationIsVisible = 0;
			defaultConfigurationName = Release;
		};
		BEDF11792874FA0B00B080A4 /* Build configuration list for PBXNativeTarget "CapstoneProject" */ = {
			isa = XCConfigurationList;
			buildConfigurations = (
				BEDF117A2874FA0B00B080A4 /* Debug */,
				BEDF117B2874FA0B00B080A4 /* Release */,
			);
			defaultConfigurationIsVisible = 0;
			defaultConfigurationName = Release;
		};
		BEDF117C2874FA0B00B080A4 /* Build configuration list for PBXNativeTarget "CapstoneProjectTests" */ = {
			isa = XCConfigurationList;
			buildConfigurations = (
				BEDF117D2874FA0B00B080A4 /* Debug */,
				BEDF117E2874FA0B00B080A4 /* Release */,
			);
			defaultConfigurationIsVisible = 0;
			defaultConfigurationName = Release;
		};
		BEDF117F2874FA0B00B080A4 /* Build configuration list for PBXNativeTarget "CapstoneProjectUITests" */ = {
			isa = XCConfigurationList;
			buildConfigurations = (
				BEDF11802874FA0B00B080A4 /* Debug */,
				BEDF11812874FA0B00B080A4 /* Release */,
			);
			defaultConfigurationIsVisible = 0;
			defaultConfigurationName = Release;
		};
/* End XCConfigurationList section */
	};
	rootObject = BEDF11422874FA0A00B080A4 /* Project object */;
}
